
Microsoft Visual Studio Solution File, Format Version 12.00
# Visual Studio 15
VisualStudioVersion = 15.0.28307.106
MinimumVisualStudioVersion = 10.0.40219.1
Project("{2150E333-8FDC-42A3-9474-1A3956D46DE8}") = "1. Client", "1. Client", "{624625B2-1CBD-4400-95AE-23FA280028B3}"
EndProject
Project("{2150E333-8FDC-42A3-9474-1A3956D46DE8}") = "2. Server", "2. Server", "{A8ED5B0C-1DB0-48F6-A7B7-1DBDEC62C8E0}"
EndProject
Project("{2150E333-8FDC-42A3-9474-1A3956D46DE8}") = "3. Editor", "3. Editor", "{8907514B-9624-4B6F-8188-EAAB79F934B8}"
EndProject
Project("{2150E333-8FDC-42A3-9474-1A3956D46DE8}") = "4. Engine", "4. Engine", "{F6031DD8-4FC0-422D-8091-7A4F01EF3C9C}"
EndProject
Project("{2150E333-8FDC-42A3-9474-1A3956D46DE8}") = "6. Network", "6. Network", "{E4404080-BB44-4E5D-A631-71DF1C07EEC0}"
EndProject
Project("{2150E333-8FDC-42A3-9474-1A3956D46DE8}") = "7. Common", "7. Common", "{B30220AA-E2DF-42E8-B982-C69B19F007AD}"
EndProject
Project("{2150E333-8FDC-42A3-9474-1A3956D46DE8}") = "8. Automation", "8. Automation", "{C62E7C30-7739-485E-A892-B3A40CDD579B}"
	ProjectSection(SolutionItems) = preProject
		ignore.txt = ignore.txt
		KCommon.bat = KCommon.bat
		KEngine.bat = KEngine.bat
		KNetwork.bat = KNetwork.bat
		KPhysics.bat = KPhysics.bat
	EndProjectSection
EndProject
Project("{8BC9CEB8-8B4A-11D0-8D11-00A0C91BC942}") = "KCommon", "KCommon\Inc\KCommon.vcxproj", "{7B196413-A110-46BF-8D00-0C7086F46F15}"
EndProject
Project("{8BC9CEB8-8B4A-11D0-8D11-00A0C91BC942}") = "KEngine", "KEngine\Inc\KEngine.vcxproj", "{118A1B7F-3BD4-4D48-8C7E-B5FB11D62F99}"
EndProject
Project("{8BC9CEB8-8B4A-11D0-8D11-00A0C91BC942}") = "KClient", "KClient\Inc\KClient.vcxproj", "{016C5300-A384-4249-AC53-404F0C2D095F}"
EndProject
Project("{2150E333-8FDC-42A3-9474-1A3956D46DE8}") = "5. Physics", "5. Physics", "{2BE664E9-C1E8-4796-9B97-D8B3E65C55A1}"
EndProject
Project("{8BC9CEB8-8B4A-11D0-8D11-00A0C91BC942}") = "KPhysics", "KPhysics\Inc\KPhysics.vcxproj", "{1173C0C8-DFA5-41D5-92F8-4ABD2EECBA9C}"
EndProject
Project("{8BC9CEB8-8B4A-11D0-8D11-00A0C91BC942}") = "DirectXTK_Desktop_2017_Win10", "DirectXTK\DirectXTK_Desktop_2017_Win10.vcxproj", "{E0B52AE7-E160-4D32-BF3F-910B785E5A8E}"
EndProject
Project("{8BC9CEB8-8B4A-11D0-8D11-00A0C91BC942}") = "KEditor", "KEditor\Inc\KEditor.vcxproj", "{0D63A7D4-2FEC-4469-8D6C-FDC9F737F66C}"
EndProject
Project("{8BC9CEB8-8B4A-11D0-8D11-00A0C91BC942}") = "KNetwork", "KNetwork\Inc\KNetwork.vcxproj", "{30474B79-C1D5-44D1-A0C9-290D0F3FDA6F}"
EndProject
Project("{8BC9CEB8-8B4A-11D0-8D11-00A0C91BC942}") = "KServer", "KServer\Inc\KServer.vcxproj", "{5B387C2A-A1FF-4F3D-BFF7-8937B02109BE}"
EndProject
Global
	GlobalSection(SolutionConfigurationPlatforms) = preSolution
		Debug|x64 = Debug|x64
		Debug|x86 = Debug|x86
		Release|x64 = Release|x64
		Release|x86 = Release|x86
	EndGlobalSection
	GlobalSection(ProjectConfigurationPlatforms) = postSolution
		{7B196413-A110-46BF-8D00-0C7086F46F15}.Debug|x64.ActiveCfg = Debug|x64
		{7B196413-A110-46BF-8D00-0C7086F46F15}.Debug|x64.Build.0 = Debug|x64
		{7B196413-A110-46BF-8D00-0C7086F46F15}.Debug|x86.ActiveCfg = Debug|Win32
		{7B196413-A110-46BF-8D00-0C7086F46F15}.Debug|x86.Build.0 = Debug|Win32
		{7B196413-A110-46BF-8D00-0C7086F46F15}.Release|x64.ActiveCfg = Release|x64
		{7B196413-A110-46BF-8D00-0C7086F46F15}.Release|x64.Build.0 = Release|x64
		{7B196413-A110-46BF-8D00-0C7086F46F15}.Release|x86.ActiveCfg = Release|Win32
		{7B196413-A110-46BF-8D00-0C7086F46F15}.Release|x86.Build.0 = Release|Win32
		{118A1B7F-3BD4-4D48-8C7E-B5FB11D62F99}.Debug|x64.ActiveCfg = Debug|x64
		{118A1B7F-3BD4-4D48-8C7E-B5FB11D62F99}.Debug|x64.Build.0 = Debug|x64
		{118A1B7F-3BD4-4D48-8C7E-B5FB11D62F99}.Debug|x86.ActiveCfg = Debug|Win32
		{118A1B7F-3BD4-4D48-8C7E-B5FB11D62F99}.Debug|x86.Build.0 = Debug|Win32
		{118A1B7F-3BD4-4D48-8C7E-B5FB11D62F99}.Release|x64.ActiveCfg = Release|x64
		{118A1B7F-3BD4-4D48-8C7E-B5FB11D62F99}.Release|x64.Build.0 = Release|x64
		{118A1B7F-3BD4-4D48-8C7E-B5FB11D62F99}.Release|x86.ActiveCfg = Release|Win32
		{118A1B7F-3BD4-4D48-8C7E-B5FB11D62F99}.Release|x86.Build.0 = Release|Win32
		{016C5300-A384-4249-AC53-404F0C2D095F}.Debug|x64.ActiveCfg = Debug|x64
		{016C5300-A384-4249-AC53-404F0C2D095F}.Debug|x64.Build.0 = Debug|x64
		{016C5300-A384-4249-AC53-404F0C2D095F}.Debug|x86.ActiveCfg = Debug|Win32
		{016C5300-A384-4249-AC53-404F0C2D095F}.Debug|x86.Build.0 = Debug|Win32
		{016C5300-A384-4249-AC53-404F0C2D095F}.Release|x64.ActiveCfg = Release|x64
		{016C5300-A384-4249-AC53-404F0C2D095F}.Release|x64.Build.0 = Release|x64
		{016C5300-A384-4249-AC53-404F0C2D095F}.Release|x86.ActiveCfg = Release|Win32
		{016C5300-A384-4249-AC53-404F0C2D095F}.Release|x86.Build.0 = Release|Win32
		{1173C0C8-DFA5-41D5-92F8-4ABD2EECBA9C}.Debug|x64.ActiveCfg = Debug|x64
		{1173C0C8-DFA5-41D5-92F8-4ABD2EECBA9C}.Debug|x64.Build.0 = Debug|x64
		{1173C0C8-DFA5-41D5-92F8-4ABD2EECBA9C}.Debug|x86.ActiveCfg = Debug|Win32
		{1173C0C8-DFA5-41D5-92F8-4ABD2EECBA9C}.Debug|x86.Build.0 = Debug|Win32
		{1173C0C8-DFA5-41D5-92F8-4ABD2EECBA9C}.Release|x64.ActiveCfg = Release|x64
		{1173C0C8-DFA5-41D5-92F8-4ABD2EECBA9C}.Release|x64.Build.0 = Release|x64
		{1173C0C8-DFA5-41D5-92F8-4ABD2EECBA9C}.Release|x86.ActiveCfg = Release|Win32
		{1173C0C8-DFA5-41D5-92F8-4ABD2EECBA9C}.Release|x86.Build.0 = Release|Win32
		{E0B52AE7-E160-4D32-BF3F-910B785E5A8E}.Debug|x64.ActiveCfg = Debug|x64
		{E0B52AE7-E160-4D32-BF3F-910B785E5A8E}.Debug|x64.Build.0 = Debug|x64
		{E0B52AE7-E160-4D32-BF3F-910B785E5A8E}.Debug|x86.ActiveCfg = Debug|Win32
		{E0B52AE7-E160-4D32-BF3F-910B785E5A8E}.Debug|x86.Build.0 = Debug|Win32
		{E0B52AE7-E160-4D32-BF3F-910B785E5A8E}.Release|x64.ActiveCfg = Release|x64
		{E0B52AE7-E160-4D32-BF3F-910B785E5A8E}.Release|x64.Build.0 = Release|x64
		{E0B52AE7-E160-4D32-BF3F-910B785E5A8E}.Release|x86.ActiveCfg = Release|Win32
		{E0B52AE7-E160-4D32-BF3F-910B785E5A8E}.Release|x86.Build.0 = Release|Win32
		{0D63A7D4-2FEC-4469-8D6C-FDC9F737F66C}.Debug|x64.ActiveCfg = Debug|x64
		{0D63A7D4-2FEC-4469-8D6C-FDC9F737F66C}.Debug|x64.Build.0 = Debug|x64
		{0D63A7D4-2FEC-4469-8D6C-FDC9F737F66C}.Debug|x86.ActiveCfg = Debug|Win32
		{0D63A7D4-2FEC-4469-8D6C-FDC9F737F66C}.Debug|x86.Build.0 = Debug|Win32
		{0D63A7D4-2FEC-4469-8D6C-FDC9F737F66C}.Release|x64.ActiveCfg = Release|x64
		{0D63A7D4-2FEC-4469-8D6C-FDC9F737F66C}.Release|x64.Build.0 = Release|x64
		{0D63A7D4-2FEC-4469-8D6C-FDC9F737F66C}.Release|x86.ActiveCfg = Release|Win32
		{0D63A7D4-2FEC-4469-8D6C-FDC9F737F66C}.Release|x86.Build.0 = Release|Win32
		{30474B79-C1D5-44D1-A0C9-290D0F3FDA6F}.Debug|x64.ActiveCfg = Debug|x64
		{30474B79-C1D5-44D1-A0C9-290D0F3FDA6F}.Debug|x64.Build.0 = Debug|x64
		{30474B79-C1D5-44D1-A0C9-290D0F3FDA6F}.Debug|x86.ActiveCfg = Debug|Win32
		{30474B79-C1D5-44D1-A0C9-290D0F3FDA6F}.Debug|x86.Build.0 = Debug|Win32
		{30474B79-C1D5-44D1-A0C9-290D0F3FDA6F}.Release|x64.ActiveCfg = Release|x64
		{30474B79-C1D5-44D1-A0C9-290D0F3FDA6F}.Release|x64.Build.0 = Release|x64
		{30474B79-C1D5-44D1-A0C9-290D0F3FDA6F}.Release|x86.ActiveCfg = Release|Win32
		{30474B79-C1D5-44D1-A0C9-290D0F3FDA6F}.Release|x86.Build.0 = Release|Win32
		{5B387C2A-A1FF-4F3D-BFF7-8937B02109BE}.Debug|x64.ActiveCfg = Debug|x64
		{5B387C2A-A1FF-4F3D-BFF7-8937B02109BE}.Debug|x64.Build.0 = Debug|x64
		{5B387C2A-A1FF-4F3D-BFF7-8937B02109BE}.Debug|x86.ActiveCfg = Debug|Win32
		{5B387C2A-A1FF-4F3D-BFF7-8937B02109BE}.Debug|x86.Build.0 = Debug|Win32
		{5B387C2A-A1FF-4F3D-BFF7-8937B02109BE}.Release|x64.ActiveCfg = Release|x64
		{5B387C2A-A1FF-4F3D-BFF7-8937B02109BE}.Release|x64.Build.0 = Release|x64
		{5B387C2A-A1FF-4F3D-BFF7-8937B02109BE}.Release|x86.ActiveCfg = Release|Win32
		{5B387C2A-A1FF-4F3D-BFF7-8937B02109BE}.Release|x86.Build.0 = Release|Win32
	EndGlobalSection
	GlobalSection(SolutionProperties) = preSolution
		HideSolutionNode = FALSE
	EndGlobalSection
	GlobalSection(NestedProjects) = preSolution
		{7B196413-A110-46BF-8D00-0C7086F46F15} = {B30220AA-E2DF-42E8-B982-C69B19F007AD}
		{118A1B7F-3BD4-4D48-8C7E-B5FB11D62F99} = {F6031DD8-4FC0-422D-8091-7A4F01EF3C9C}
		{016C5300-A384-4249-AC53-404F0C2D095F} = {624625B2-1CBD-4400-95AE-23FA280028B3}
		{1173C0C8-DFA5-41D5-92F8-4ABD2EECBA9C} = {2BE664E9-C1E8-4796-9B97-D8B3E65C55A1}
		{0D63A7D4-2FEC-4469-8D6C-FDC9F737F66C} = {8907514B-9624-4B6F-8188-EAAB79F934B8}
		{30474B79-C1D5-44D1-A0C9-290D0F3FDA6F} = {E4404080-BB44-4E5D-A631-71DF1C07EEC0}
		{5B387C2A-A1FF-4F3D-BFF7-8937B02109BE} = {A8ED5B0C-1DB0-48F6-A7B7-1DBDEC62C8E0}
	EndGlobalSection
	GlobalSection(ExtensibilityGlobals) = postSolution
		SolutionGuid = {D6DF0648-6B2B-469D-B1AC-D16849AAAAC3}
	EndGlobalSection
EndGlobal
