<?xml version="1.0" encoding="utf-8"?>
<Project ToolsVersion="4.0" xmlns="http://schemas.microsoft.com/developer/msbuild/2003">
  <ItemGroup>
    <Filter Include="PCH">
      <UniqueIdentifier>{8fa6d90b-71c5-4e22-a6f9-0519da47f13e}</UniqueIdentifier>
    </Filter>
    <Filter Include="Base">
      <UniqueIdentifier>{805e352e-6011-414d-889d-a625db1a1992}</UniqueIdentifier>
    </Filter>
  </ItemGroup>
  <ItemGroup>
    <ClInclude Include="KCommon.h">
      <Filter>PCH</Filter>
    </ClInclude>
    <ClInclude Include="Base\macro.h">
      <Filter>Base</Filter>
    </ClInclude>
    <ClInclude Include="tag.h" />
    <ClInclude Include="singleton.h" />
    <ClInclude Include="Base\term.h">
      <Filter>Base</Filter>
    </ClInclude>
  </ItemGroup>
  <ItemGroup>
    <ClCompile Include="KCommon.cpp">
      <Filter>PCH</Filter>
    </ClCompile>
    <ClCompile Include="tag.cpp" />
    <ClCompile Include="singleton.cpp" />
  </ItemGroup>
  <ItemGroup>
    <None Include="singleton.inl" />
  </ItemGroup>
</Project>