<?xml version="1.0" encoding="utf-8"?>
<Project ToolsVersion="4.0" xmlns="http://schemas.microsoft.com/developer/msbuild/2003">
  <ItemGroup>
    <Filter Include="PCH">
      <UniqueIdentifier>{e83fbc41-7de8-4310-b50d-fed129e72c03}</UniqueIdentifier>
    </Filter>
    <Filter Include="Base">
      <UniqueIdentifier>{be0e3dc7-2c06-4633-aa96-0ececca14cd1}</UniqueIdentifier>
    </Filter>
    <Filter Include="01. Core">
      <UniqueIdentifier>{ab9d6375-cfe8-4bc8-8d1e-7977301b7c04}</UniqueIdentifier>
    </Filter>
    <Filter Include="02. Device">
      <UniqueIdentifier>{e719c191-ab80-475e-972a-e688fb5da0f6}</UniqueIdentifier>
    </Filter>
    <Filter Include="03. Path">
      <UniqueIdentifier>{23b6dccc-2aba-4184-afee-e975f24170ef}</UniqueIdentifier>
    </Filter>
    <Filter Include="04. Resource">
      <UniqueIdentifier>{624acd5b-67b2-4aa1-9459-8395f72310a9}</UniqueIdentifier>
    </Filter>
    <Filter Include="04. Resource\1. Mesh">
      <UniqueIdentifier>{f6e89f13-bb83-4432-907a-079d53304c05}</UniqueIdentifier>
    </Filter>
    <Filter Include="04. Resource\2. Texture">
      <UniqueIdentifier>{b1fd6ce6-2932-4bdc-8cb4-fc6035e0bcca}</UniqueIdentifier>
    </Filter>
    <Filter Include="04. Resource\3. Sampler">
      <UniqueIdentifier>{db1b4322-8ca7-4cfc-ad4c-667b4c3592f6}</UniqueIdentifier>
    </Filter>
  </ItemGroup>
  <ItemGroup>
    <ClInclude Include="KEngine.h">
      <Filter>PCH</Filter>
    </ClInclude>
    <ClInclude Include="core.h">
      <Filter>01. Core</Filter>
    </ClInclude>
    <ClInclude Include="Base\macro.h">
      <Filter>Base</Filter>
    </ClInclude>
    <ClInclude Include="Base\enum.h">
      <Filter>Base</Filter>
    </ClInclude>
    <ClInclude Include="device_manager.h">
      <Filter>02. Device</Filter>
    </ClInclude>
    <ClInclude Include="path_manager.h">
      <Filter>03. Path</Filter>
    </ClInclude>
    <ClInclude Include="Resource\resource_manager.h">
      <Filter>04. Resource</Filter>
    </ClInclude>
    <ClInclude Include="Resource\mesh.h">
      <Filter>04. Resource\1. Mesh</Filter>
    </ClInclude>
    <ClInclude Include="Resource\texture.h">
      <Filter>04. Resource\2. Texture</Filter>
    </ClInclude>
    <ClInclude Include="Resource\sampler.h">
      <Filter>04. Resource\3. Sampler</Filter>
    </ClInclude>
  </ItemGroup>
  <ItemGroup>
    <ClCompile Include="KEngine.cpp">
      <Filter>PCH</Filter>
    </ClCompile>
    <ClCompile Include="core.cpp">
      <Filter>01. Core</Filter>
    </ClCompile>
    <ClCompile Include="device_manager.cpp">
      <Filter>02. Device</Filter>
    </ClCompile>
    <ClCompile Include="path_manager.cpp">
      <Filter>03. Path</Filter>
    </ClCompile>
    <ClCompile Include="Resource\resource_manager.cpp">
      <Filter>04. Resource</Filter>
    </ClCompile>
    <ClCompile Include="Resource\mesh.cpp">
      <Filter>04. Resource\1. Mesh</Filter>
    </ClCompile>
    <ClCompile Include="Resource\texture.cpp">
      <Filter>04. Resource\2. Texture</Filter>
    </ClCompile>
    <ClCompile Include="Resource\sampler.cpp">
      <Filter>04. Resource\3. Sampler</Filter>
    </ClCompile>
  </ItemGroup>
</Project>